// !$*UTF8*$!
{
	archiveVersion = 1;
	classes = {
	};
	objectVersion = 77;
	objects = {

/* Begin PBXAggregateTarget section */
		A10000000000000000000018 /* Package RawTherapee */ = {
			isa = PBXAggregateTarget;
			buildConfigurationList = A10000000000000000000019 /* Build configuration list for PBXAggregateTarget "Package RawTherapee" */;
			buildPhases = (
				A10000000000000000000017 /* Notarize and Package */,
			);
			dependencies = (
				A10000000000000000000016 /* PBXTargetDependency */,
			);
			name = "Package RawTherapee";
			productName = "Package RawTherapee";
		};
/* End PBXAggregateTarget section */

/* Begin PBXBuildFile section */
		A10000000000000000000001 /* RawTherapeeLauncher.c in Sources */ = {isa = PBXBuildFile; fileRef = A10000000000000000000002 /* RawTherapeeLauncher.c */; };
/* End PBXBuildFile section */

/* Begin PBXContainerItemProxy section */
		A10000000000000000000015 /* PBXContainerItemProxy */ = {
			isa = PBXContainerItemProxy;
			containerPortal = 31FDC3A330132DC000F3A27B /* Project object */;
			proxyType = 1;
			remoteGlobalIDString = 31FDC3AA30132DC000F3A27B;
			remoteInfo = RawTherapee;
		};
/* End PBXContainerItemProxy section */

/* Begin PBXFileReference section */
		31FDC3AB30132DC000F3A27B /* RawTherapee.app */ = {isa = PBXFileReference; explicitFileType = wrapper.application; includeInIndex = 0; path = RawTherapee.app; sourceTree = BUILT_PRODUCTS_DIR; };
		A10000000000000000000002 /* RawTherapeeLauncher.c */ = {isa = PBXFileReference; lastKnownFileType = sourcecode.c.c; path = RawTherapeeLauncher.c; sourceTree = "<group>"; };
		A10000000000000000000003 /* build-rawtherapee.sh */ = {isa = PBXFileReference; lastKnownFileType = text.script.sh; path = "build-rawtherapee.sh"; sourceTree = "<group>"; };
		A10000000000000000000004 /* README.md */ = {isa = PBXFileReference; lastKnownFileType = net.daringfireball.markdown; path = README.md; sourceTree = "<group>"; };
		A10000000000000000000011 /* RawTherapee.entitlements */ = {isa = PBXFileReference; lastKnownFileType = text.plist.entitlements; path = RawTherapee.entitlements; sourceTree = "<group>"; };
		A10000000000000000000013 /* RawTherapeeCLIShim.c */ = {isa = PBXFileReference; lastKnownFileType = sourcecode.c.c; path = RawTherapeeCLIShim.c; sourceTree = "<group>"; };
		A10000000000000000000014 /* package-rawtherapee.sh */ = {isa = PBXFileReference; lastKnownFileType = text.script.sh; path = "package-rawtherapee.sh"; sourceTree = "<group>"; };
		A10000000000000000000020 /* Signing.xcconfig */ = {isa = PBXFileReference; lastKnownFileType = text.xcconfig; path = Signing.xcconfig; sourceTree = "<group>"; };
		A10000000000000000000021 /* LocalSigning.xcconfig.example */ = {isa = PBXFileReference; lastKnownFileType = text.xcconfig; path = LocalSigning.xcconfig.example; sourceTree = "<group>"; };
		A10000000000000000000022 /* macosx_bundle_compat.sh */ = {isa = PBXFileReference; lastKnownFileType = text.script.sh; path = macosx_bundle_compat.sh; sourceTree = "<group>"; };
/* End PBXFileReference section */

/* Begin PBXFileSystemSynchronizedRootGroup section */
		31FDC3AD30132DC000F3A27B /* RawTherapee Source */ = {
			isa = PBXFileSystemSynchronizedRootGroup;
			name = "RawTherapee Source";
			path = RawTherapee5/rawtherapee;
			sourceTree = "<group>";
		};
/* End PBXFileSystemSynchronizedRootGroup section */

/* Begin PBXFrameworksBuildPhase section */
		31FDC3A830132DC000F3A27B /* Frameworks */ = {
			isa = PBXFrameworksBuildPhase;
			buildActionMask = 2147483647;
			files = (
			);
			runOnlyForDeploymentPostprocessing = 0;
		};
/* End PBXFrameworksBuildPhase section */

/* Begin PBXGroup section */
		31FDC3A230132DC000F3A27B = {
			isa = PBXGroup;
			children = (
				A10000000000000000000005 /* XcodeSupport */,
				31FDC3AD30132DC000F3A27B /* RawTherapee Source */,
				31FDC3AC30132DC000F3A27B /* Products */,
			);
			sourceTree = "<group>";
		};
		31FDC3AC30132DC000F3A27B /* Products */ = {
			isa = PBXGroup;
			children = (
				31FDC3AB30132DC000F3A27B /* RawTherapee.app */,
			);
			name = Products;
			sourceTree = "<group>";
		};
		A10000000000000000000005 /* XcodeSupport */ = {
			isa = PBXGroup;
			children = (
				A10000000000000000000002 /* RawTherapeeLauncher.c */,
				A10000000000000000000003 /* build-rawtherapee.sh */,
				A10000000000000000000011 /* RawTherapee.entitlements */,
				A10000000000000000000013 /* RawTherapeeCLIShim.c */,
				A10000000000000000000014 /* package-rawtherapee.sh */,
				A10000000000000000000020 /* Signing.xcconfig */,
				A10000000000000000000021 /* LocalSigning.xcconfig.example */,
				A10000000000000000000022 /* macosx_bundle_compat.sh */,
				A10000000000000000000004 /* README.md */,
			);
			path = XcodeSupport;
			sourceTree = "<group>";
		};
/* End PBXGroup section */

/* Begin PBXNativeTarget section */
		31FDC3AA30132DC000F3A27B /* RawTherapee */ = {
			isa = PBXNativeTarget;
			buildConfigurationList = 31FDC3B630132DC200F3A27B /* Build configuration list for PBXNativeTarget "RawTherapee" */;
			buildPhases = (
				31FDC3A730132DC000F3A27B /* Sources */,
				31FDC3A830132DC000F3A27B /* Frameworks */,
				31FDC3A930132DC000F3A27B /* Resources */,
				A10000000000000000000006 /* Build and Bundle RawTherapee */,
			);
			buildRules = (
			);
			dependencies = (
			);
			name = RawTherapee;
			packageProductDependencies = (
			);
			productName = RawTherapee;
			productReference = 31FDC3AB30132DC000F3A27B /* RawTherapee.app */;
			productType = "com.apple.product-type.application";
		};
/* End PBXNativeTarget section */

/* Begin PBXProject section */
		31FDC3A330132DC000F3A27B /* Project object */ = {
			isa = PBXProject;
			attributes = {
				BuildIndependentTargetsInParallel = 1;
				LastSwiftUpdateCheck = 2660;
				LastUpgradeCheck = 2660;
				TargetAttributes = {
					31FDC3AA30132DC000F3A27B = {
						CreatedOnToolsVersion = 26.6;
					};
				};
			};
			buildConfigurationList = 31FDC3A630132DC000F3A27B /* Build configuration list for PBXProject "RawTherapee5" */;
			developmentRegion = en;
			hasScannedForEncodings = 0;
			knownRegions = (
				en,
				Base,
			);
			mainGroup = 31FDC3A230132DC000F3A27B;
			minimizedProjectReferenceProxies = 1;
			preferredProjectObjectVersion = 77;
			productRefGroup = 31FDC3AC30132DC000F3A27B /* Products */;
			projectDirPath = "";
			projectRoot = "";
			targets = (
				31FDC3AA30132DC000F3A27B /* RawTherapee */,
				A10000000000000000000018 /* Package RawTherapee */,
			);
		};
/* End PBXProject section */

/* Begin PBXResourcesBuildPhase section */
		31FDC3A930132DC000F3A27B /* Resources */ = {
			isa = PBXResourcesBuildPhase;
			buildActionMask = 2147483647;
			files = (
			);
			runOnlyForDeploymentPostprocessing = 0;
		};
/* End PBXResourcesBuildPhase section */

/* Begin PBXShellScriptBuildPhase section */
		A10000000000000000000006 /* Build and Bundle RawTherapee */ = {
			isa = PBXShellScriptBuildPhase;
			alwaysOutOfDate = 1;
			buildActionMask = 2147483647;
			files = (
			);
			inputFileListPaths = (
			);
			inputPaths = (
			);
			name = "Build and Bundle RawTherapee";
			outputFileListPaths = (
			);
			outputPaths = (
			);
			runOnlyForDeploymentPostprocessing = 0;
			shellPath = /bin/bash;
			shellScript = "/bin/bash \"${PROJECT_DIR}/XcodeSupport/build-rawtherapee.sh\"\n";
			showEnvVarsInLog = 0;
		};
		A10000000000000000000017 /* Notarize and Package */ = {
			isa = PBXShellScriptBuildPhase;
			alwaysOutOfDate = 1;
			buildActionMask = 2147483647;
			files = (
			);
			inputFileListPaths = (
			);
			inputPaths = (
				"$(BUILT_PRODUCTS_DIR)/RawTherapee.app",
			);
			name = "Notarize and Package";
			outputFileListPaths = (
			);
			outputPaths = (
				"$(PROJECT_DIR)/dist",
			);
			runOnlyForDeploymentPostprocessing = 0;
			shellPath = /bin/bash;
			shellScript = "/bin/bash \"${PROJECT_DIR}/XcodeSupport/package-rawtherapee.sh\"\n";
			showEnvVarsInLog = 0;
		};
/* End PBXShellScriptBuildPhase section */

/* Begin PBXSourcesBuildPhase section */
		31FDC3A730132DC000F3A27B /* Sources */ = {
			isa = PBXSourcesBuildPhase;
			buildActionMask = 2147483647;
			files = (
				A10000000000000000000001 /* RawTherapeeLauncher.c in Sources */,
			);
			runOnlyForDeploymentPostprocessing = 0;
		};
/* End PBXSourcesBuildPhase section */

/* Begin PBXTargetDependency section */
		A10000000000000000000016 /* PBXTargetDependency */ = {
			isa = PBXTargetDependency;
			target = 31FDC3AA30132DC000F3A27B /* RawTherapee */;
			targetProxy = A10000000000000000000015 /* PBXContainerItemProxy */;
		};
/* End PBXTargetDependency section */

/* Begin XCBuildConfiguration section */
		31FDC3B430132DC200F3A27B /* Debug */ = {
			isa = XCBuildConfiguration;
			buildSettings = {
				ALWAYS_SEARCH_USER_PATHS = NO;
				ASSETCATALOG_COMPILER_GENERATE_SWIFT_ASSET_SYMBOL_EXTENSIONS = YES;
				CLANG_ANALYZER_NONNULL = YES;
				CLANG_ANALYZER_NUMBER_OBJECT_CONVERSION = YES_AGGRESSIVE;
				CLANG_CXX_LANGUAGE_STANDARD = "gnu++20";
				CLANG_ENABLE_MODULES = YES;
				CLANG_ENABLE_OBJC_ARC = YES;
				CLANG_ENABLE_OBJC_WEAK = YES;
				CLANG_WARN_BLOCK_CAPTURE_AUTORELEASING = YES;
				CLANG_WARN_BOOL_CONVERSION = YES;
				CLANG_WARN_COMMA = YES;
				CLANG_WARN_CONSTANT_CONVERSION = YES;
				CLANG_WARN_DEPRECATED_OBJC_IMPLEMENTATIONS = YES;
				CLANG_WARN_DIRECT_OBJC_ISA_USAGE = YES_ERROR;
				CLANG_WARN_DOCUMENTATION_COMMENTS = YES;
				CLANG_WARN_EMPTY_BODY = YES;
				CLANG_WARN_ENUM_CONVERSION = YES;
				CLANG_WARN_INFINITE_RECURSION = YES;
				CLANG_WARN_INT_CONVERSION = YES;
				CLANG_WARN_NON_LITERAL_NULL_CONVERSION = YES;
				CLANG_WARN_OBJC_IMPLICIT_RETAIN_SELF = YES;
				CLANG_WARN_OBJC_LITERAL_CONVERSION = YES;
				CLANG_WARN_OBJC_ROOT_CLASS = YES_ERROR;
				CLANG_WARN_QUOTED_INCLUDE_IN_FRAMEWORK_HEADER = YES;
				CLANG_WARN_RANGE_LOOP_ANALYSIS = YES;
				CLANG_WARN_STRICT_PROTOTYPES = YES;
				CLANG_WARN_SUSPICIOUS_MOVE = YES;
				CLANG_WARN_UNGUARDED_AVAILABILITY = YES_AGGRESSIVE;
				CLANG_WARN_UNREACHABLE_CODE = YES;
				CLANG_WARN__DUPLICATE_METHOD_MATCH = YES;
				COPY_PHASE_STRIP = NO;
				DEBUG_INFORMATION_FORMAT = dwarf;
				ENABLE_STRICT_OBJC_MSGSEND = YES;
				ENABLE_TESTABILITY = NO;
				ENABLE_USER_SCRIPT_SANDBOXING = NO;
				GCC_C_LANGUAGE_STANDARD = gnu17;
				GCC_DYNAMIC_NO_PIC = NO;
				GCC_NO_COMMON_BLOCKS = YES;
				GCC_OPTIMIZATION_LEVEL = 0;
				GCC_PREPROCESSOR_DEFINITIONS = (
					"DEBUG=1",
					"$(inherited)",
				);
				GCC_WARN_64_TO_32_BIT_CONVERSION = YES;
				GCC_WARN_ABOUT_RETURN_TYPE = YES_ERROR;
				GCC_WARN_UNDECLARED_SELECTOR = YES;
				GCC_WARN_UNINITIALIZED_AUTOS = YES_AGGRESSIVE;
				GCC_WARN_UNUSED_FUNCTION = YES;
				GCC_WARN_UNUSED_VARIABLE = YES;
				LOCALIZATION_PREFERS_STRING_CATALOGS = YES;
				MACOSX_DEPLOYMENT_TARGET = 26.0;
				MTL_ENABLE_DEBUG_INFO = INCLUDE_SOURCE;
				MTL_FAST_MATH = YES;
				ONLY_ACTIVE_ARCH = YES;
				SDKROOT = macosx;
				SWIFT_ACTIVE_COMPILATION_CONDITIONS = "DEBUG $(inherited)";
				SWIFT_OPTIMIZATION_LEVEL = "-Onone";
			};
			name = Debug;
		};
		31FDC3B530132DC200F3A27B /* Release */ = {
			isa = XCBuildConfiguration;
			buildSettings = {
				ALWAYS_SEARCH_USER_PATHS = NO;
				ASSETCATALOG_COMPILER_GENERATE_SWIFT_ASSET_SYMBOL_EXTENSIONS = YES;
				CLANG_ANALYZER_NONNULL = YES;
				CLANG_ANALYZER_NUMBER_OBJECT_CONVERSION = YES_AGGRESSIVE;
				CLANG_CXX_LANGUAGE_STANDARD = "gnu++20";
				CLANG_ENABLE_MODULES = YES;
				CLANG_ENABLE_OBJC_ARC = YES;
				CLANG_ENABLE_OBJC_WEAK = YES;
				CLANG_WARN_BLOCK_CAPTURE_AUTORELEASING = YES;
				CLANG_WARN_BOOL_CONVERSION = YES;
				CLANG_WARN_COMMA = YES;
				CLANG_WARN_CONSTANT_CONVERSION = YES;
				CLANG_WARN_DEPRECATED_OBJC_IMPLEMENTATIONS = YES;
				CLANG_WARN_DIRECT_OBJC_ISA_USAGE = YES_ERROR;
				CLANG_WARN_DOCUMENTATION_COMMENTS = YES;
				CLANG_WARN_EMPTY_BODY = YES;
				CLANG_WARN_ENUM_CONVERSION = YES;
				CLANG_WARN_INFINITE_RECURSION = YES;
				CLANG_WARN_INT_CONVERSION = YES;
				CLANG_WARN_NON_LITERAL_NULL_CONVERSION = YES;
				CLANG_WARN_OBJC_IMPLICIT_RETAIN_SELF = YES;
				CLANG_WARN_OBJC_LITERAL_CONVERSION = YES;
				CLANG_WARN_OBJC_ROOT_CLASS = YES_ERROR;
				CLANG_WARN_QUOTED_INCLUDE_IN_FRAMEWORK_HEADER = YES;
				CLANG_WARN_RANGE_LOOP_ANALYSIS = YES;
				CLANG_WARN_STRICT_PROTOTYPES = YES;
				CLANG_WARN_SUSPICIOUS_MOVE = YES;
				CLANG_WARN_UNGUARDED_AVAILABILITY = YES_AGGRESSIVE;
				CLANG_WARN_UNREACHABLE_CODE = YES;
				CLANG_WARN__DUPLICATE_METHOD_MATCH = YES;
				COPY_PHASE_STRIP = NO;
				DEBUG_INFORMATION_FORMAT = "dwarf-with-dsym";
				ENABLE_NS_ASSERTIONS = NO;
				ENABLE_STRICT_OBJC_MSGSEND = YES;
				ENABLE_TESTABILITY = YES;
				ENABLE_USER_SCRIPT_SANDBOXING = NO;
				GCC_C_LANGUAGE_STANDARD = gnu17;
				GCC_NO_COMMON_BLOCKS = YES;
				GCC_WARN_64_TO_32_BIT_CONVERSION = YES;
				GCC_WARN_ABOUT_RETURN_TYPE = YES_ERROR;
				GCC_WARN_UNDECLARED_SELECTOR = YES;
				GCC_WARN_UNINITIALIZED_AUTOS = YES_AGGRESSIVE;
				GCC_WARN_UNUSED_FUNCTION = YES;
				GCC_WARN_UNUSED_VARIABLE = YES;
				LOCALIZATION_PREFERS_STRING_CATALOGS = YES;
				MACOSX_DEPLOYMENT_TARGET = 26.0;
				MTL_ENABLE_DEBUG_INFO = NO;
				MTL_FAST_MATH = YES;
				ONLY_ACTIVE_ARCH = YES;
				SDKROOT = macosx;
				SWIFT_COMPILATION_MODE = wholemodule;
			};
			name = Release;
		};
		31FDC3B730132DC200F3A27B /* Debug */ = {
			isa = XCBuildConfiguration;
			baseConfigurationReference = A10000000000000000000020 /* Signing.xcconfig */;
			buildSettings = {
				ARCHS = "$(ARCHS_STANDARD)";
				CODE_SIGN_IDENTITY = "-";
				CODE_SIGN_STYLE = Manual;
				COMBINE_HIDPI_IMAGES = YES;
				CURRENT_PROJECT_VERSION = 1;
				ENABLE_APP_SANDBOX = NO;
				ENABLE_HARDENED_RUNTIME = NO;
				EXECUTABLE_NAME = rawtherapee;
				GENERATE_INFOPLIST_FILE = YES;
				INFOPLIST_KEY_CFBundleDisplayName = RawTherapee;
				INFOPLIST_KEY_LSApplicationCategoryType = "public.app-category.photography";
				LD_RUNPATH_SEARCH_PATHS = (
					"$(inherited)",
					"@executable_path/../Frameworks",
				);
				MACOSX_DEPLOYMENT_TARGET = 26.0;
				MARKETING_VERSION = 5.13;
				PRODUCT_BUNDLE_IDENTIFIER = com.rawtherapee.rawtherapee5;
				PRODUCT_NAME = RawTherapee;
				SKIP_INSTALL = NO;
				SUPPORTED_PLATFORMS = macosx;
			};
			name = Debug;
		};
		31FDC3B830132DC200F3A27B /* Release */ = {
			isa = XCBuildConfiguration;
			baseConfigurationReference = A10000000000000000000020 /* Signing.xcconfig */;
			buildSettings = {
				ARCHS = "$(ARCHS_STANDARD)";
				CODE_SIGN_IDENTITY = "-";
				CODE_SIGN_STYLE = Manual;
				COMBINE_HIDPI_IMAGES = YES;
				CURRENT_PROJECT_VERSION = 1;
				ENABLE_APP_SANDBOX = NO;
				ENABLE_HARDENED_RUNTIME = NO;
				EXECUTABLE_NAME = rawtherapee;
				GENERATE_INFOPLIST_FILE = YES;
				INFOPLIST_KEY_CFBundleDisplayName = RawTherapee;
				INFOPLIST_KEY_LSApplicationCategoryType = "public.app-category.photography";
				LD_RUNPATH_SEARCH_PATHS = (
					"$(inherited)",
					"@executable_path/../Frameworks",
				);
				MACOSX_DEPLOYMENT_TARGET = 26.0;
				MARKETING_VERSION = 5.13;
				PRODUCT_BUNDLE_IDENTIFIER = com.rawtherapee.rawtherapee5;
				PRODUCT_NAME = RawTherapee;
				SKIP_INSTALL = NO;
				SUPPORTED_PLATFORMS = macosx;
			};
			name = Release;
		};
		A10000000000000000000007 /* Distribution */ = {
			isa = XCBuildConfiguration;
			buildSettings = {
				COPY_PHASE_STRIP = NO;
				DEBUG_INFORMATION_FORMAT = "dwarf-with-dsym";
				ENABLE_NS_ASSERTIONS = NO;
				ENABLE_USER_SCRIPT_SANDBOXING = NO;
				GCC_C_LANGUAGE_STANDARD = gnu17;
				MACOSX_DEPLOYMENT_TARGET = 26.0;
				ONLY_ACTIVE_ARCH = YES;
				SDKROOT = macosx;
			};
			name = Distribution;
		};
		A10000000000000000000008 /* Distribution */ = {
			isa = XCBuildConfiguration;
			baseConfigurationReference = A10000000000000000000020 /* Signing.xcconfig */;
			buildSettings = {
				ARCHS = "$(ARCHS_STANDARD)";
				AUTOMATION_APPLE_EVENTS = NO;
				CODE_SIGN_ENTITLEMENTS = XcodeSupport/RawTherapee.entitlements;
				CODE_SIGN_IDENTITY = "Developer ID Application";
				CODE_SIGN_INJECT_BASE_ENTITLEMENTS = NO;
				CODE_SIGN_STYLE = Manual;
				COMBINE_HIDPI_IMAGES = YES;
				CURRENT_PROJECT_VERSION = 1;
				ENABLE_APP_SANDBOX = YES;
				ENABLE_HARDENED_RUNTIME = YES;
				ENABLE_RESOURCE_ACCESS_AUDIO_INPUT = NO;
				ENABLE_RESOURCE_ACCESS_CALENDARS = NO;
				ENABLE_RESOURCE_ACCESS_CAMERA = NO;
				ENABLE_RESOURCE_ACCESS_CONTACTS = NO;
				ENABLE_RESOURCE_ACCESS_LOCATION = NO;
				ENABLE_RESOURCE_ACCESS_PHOTO_LIBRARY = NO;
				EXECUTABLE_NAME = rawtherapee;
				GENERATE_INFOPLIST_FILE = YES;
				INFOPLIST_KEY_CFBundleDisplayName = RawTherapee;
				INFOPLIST_KEY_LSApplicationCategoryType = "public.app-category.photography";
				LD_RUNPATH_SEARCH_PATHS = (
					"$(inherited)",
					"@executable_path/../Frameworks",
				);
				MACOSX_DEPLOYMENT_TARGET = 26.0;
				MARKETING_VERSION = 5.13;
				OTHER_CODE_SIGN_FLAGS = "--timestamp";
				PRODUCT_BUNDLE_IDENTIFIER = com.rawtherapee.rawtherapee5;
				PRODUCT_NAME = RawTherapee;
				RUNTIME_EXCEPTION_ALLOW_DYLD_ENVIRONMENT_VARIABLES = YES;
				RUNTIME_EXCEPTION_ALLOW_JIT = NO;
				RUNTIME_EXCEPTION_ALLOW_UNSIGNED_EXECUTABLE_MEMORY = NO;
				RUNTIME_EXCEPTION_DEBUGGING_TOOL = NO;
				RUNTIME_EXCEPTION_DISABLE_EXECUTABLE_PAGE_PROTECTION = NO;
				RUNTIME_EXCEPTION_DISABLE_LIBRARY_VALIDATION = NO;
				SKIP_INSTALL = NO;
				SUPPORTED_PLATFORMS = macosx;
			};
			name = Distribution;
		};
		A1000000000000000000001A /* Debug */ = {
			isa = XCBuildConfiguration;
			baseConfigurationReference = A10000000000000000000020 /* Signing.xcconfig */;
			buildSettings = {
				PRODUCT_BUNDLE_IDENTIFIER = com.rawtherapee.rawtherapee5;
				RAWTHERAPEE_DISTRIBUTION_OUTPUT_DIR = "$(PROJECT_DIR)/dist";
				RAWTHERAPEE_NOTARY_PROFILE = RawTherapee5;
			};
			name = Debug;
		};
		A1000000000000000000001B /* Release */ = {
			isa = XCBuildConfiguration;
			baseConfigurationReference = A10000000000000000000020 /* Signing.xcconfig */;
			buildSettings = {
				PRODUCT_BUNDLE_IDENTIFIER = com.rawtherapee.rawtherapee5;
				RAWTHERAPEE_DISTRIBUTION_OUTPUT_DIR = "$(PROJECT_DIR)/dist";
				RAWTHERAPEE_NOTARY_PROFILE = RawTherapee5;
			};
			name = Release;
		};
		A1000000000000000000001C /* Distribution */ = {
			isa = XCBuildConfiguration;
			baseConfigurationReference = A10000000000000000000020 /* Signing.xcconfig */;
			buildSettings = {
				PRODUCT_BUNDLE_IDENTIFIER = com.rawtherapee.rawtherapee5;
				RAWTHERAPEE_DISTRIBUTION_OUTPUT_DIR = "$(PROJECT_DIR)/dist";
				RAWTHERAPEE_NOTARY_PROFILE = RawTherapee5;
			};
			name = Distribution;
		};
/* End XCBuildConfiguration section */

/* Begin XCConfigurationList section */
		31FDC3A630132DC000F3A27B /* Build configuration list for PBXProject "RawTherapee5" */ = {
			isa = XCConfigurationList;
			buildConfigurations = (
				31FDC3B430132DC200F3A27B /* Debug */,
				31FDC3B530132DC200F3A27B /* Release */,
				A10000000000000000000007 /* Distribution */,
			);
			defaultConfigurationIsVisible = 0;
			defaultConfigurationName = Release;
		};
		31FDC3B630132DC200F3A27B /* Build configuration list for PBXNativeTarget "RawTherapee" */ = {
			isa = XCConfigurationList;
			buildConfigurations = (
				31FDC3B730132DC200F3A27B /* Debug */,
				31FDC3B830132DC200F3A27B /* Release */,
				A10000000000000000000008 /* Distribution */,
			);
			defaultConfigurationIsVisible = 0;
			defaultConfigurationName = Release;
		};
		A10000000000000000000019 /* Build configuration list for PBXAggregateTarget "Package RawTherapee" */ = {
			isa = XCConfigurationList;
			buildConfigurations = (
				A1000000000000000000001A /* Debug */,
				A1000000000000000000001B /* Release */,
				A1000000000000000000001C /* Distribution */,
			);
			defaultConfigurationIsVisible = 0;
			defaultConfigurationName = Distribution;
		};
/* End XCConfigurationList section */
	};
	rootObject = 31FDC3A330132DC000F3A27B /* Project object */;
}
